
Microsoft Visual Studio Solution File, Format Version 12.00
# Visual Studio Version 17
VisualStudioVersion = 17.9.34728.123
MinimumVisualStudioVersion = 10.0.40219.1
Project("{FAE04EC0-301F-11D3-BF4B-00C04F79EFBC}") = "RemoteSaveAdaptor.Server", "RemoteSaveAdaptor.Server\RemoteSaveAdaptor.Server.csproj", "{88FBDCE0-B9C1-4FCE-A182-70A8D62290C3}"
EndProject
Project("{54A90642-561A-4BB1-A94E-469ADEE60C69}") = "remotesaveadaptor.client", "remotesaveadaptor.client\remotesaveadaptor.client.esproj", "{94F4285B-BE9E-4D3A-8485-2E1C7B6ADDCA}"
EndProject
Global
	GlobalSection(SolutionConfigurationPlatforms) = preSolution
		Debug|Any CPU = Debug|Any CPU
		Release|Any CPU = Release|Any CPU
	EndGlobalSection
	GlobalSection(ProjectConfigurationPlatforms) = postSolution
		{88FBDCE0-B9C1-4FCE-A182-70A8D62290C3}.Debug|Any CPU.ActiveCfg = Debug|Any CPU
		{88FBDCE0-B9C1-4FCE-A182-70A8D62290C3}.Debug|Any CPU.Build.0 = Debug|Any CPU
		{88FBDCE0-B9C1-4FCE-A182-70A8D62290C3}.Release|Any CPU.ActiveCfg = Release|Any CPU
		{88FBDCE0-B9C1-4FCE-A182-70A8D62290C3}.Release|Any CPU.Build.0 = Release|Any CPU
		{94F4285B-BE9E-4D3A-8485-2E1C7B6ADDCA}.Debug|Any CPU.ActiveCfg = Debug|Any CPU
		{94F4285B-BE9E-4D3A-8485-2E1C7B6ADDCA}.Debug|Any CPU.Build.0 = Debug|Any CPU
		{94F4285B-BE9E-4D3A-8485-2E1C7B6ADDCA}.Debug|Any CPU.Deploy.0 = Debug|Any CPU
		{94F4285B-BE9E-4D3A-8485-2E1C7B6ADDCA}.Release|Any CPU.ActiveCfg = Release|Any CPU
		{94F4285B-BE9E-4D3A-8485-2E1C7B6ADDCA}.Release|Any CPU.Build.0 = Release|Any CPU
		{94F4285B-BE9E-4D3A-8485-2E1C7B6ADDCA}.Release|Any CPU.Deploy.0 = Release|Any CPU
	EndGlobalSection
	GlobalSection(SolutionProperties) = preSolution
		HideSolutionNode = FALSE
	EndGlobalSection
	GlobalSection(ExtensibilityGlobals) = postSolution
		SolutionGuid = {37BAD560-2E4A-4291-9271-CC8E58A58A67}
	EndGlobalSection
EndGlobal
